Microsoft Visual Studio Solution File, Format Version 11.00
# Visual Studio 2010
Project("{FAE04EC0-301F-11D3-BF4B-00C04F79EFBC}") = "XComponent.Authentication.UserObject", "UserObject\XComponent.Authentication.UserObject.csproj", "{F2876AD5-3046-43AD-969E-78B99AA208AB}"
EndProject
Project("{FAE04EC0-301F-11D3-BF4B-00C04F79EFBC}") = "XComponent.Authentication.TriggeredMethod", "TriggeredMethod\XComponent.Authentication.TriggeredMethod.csproj", "{1D794473-5ECE-4AE5-8F04-2F35318EC6C9}"
EndProject
Project("{FAE04EC0-301F-11D3-BF4B-00C04F79EFBC}") = "XComponent.Authentication.Common", "Common\XComponent.Authentication.Common.csproj", "{BE692B62-C3EF-410D-9521-7739F2347E1C}"
EndProject
Global
	GlobalSection(SolutionConfigurationPlatforms) = preSolution
		Debug|Any CPU = Debug|Any CPU
		Release|Any CPU = Release|Any CPU
	EndGlobalSection
	GlobalSection(ProjectConfigurationPlatforms) = postSolution
		{F2876AD5-3046-43AD-969E-78B99AA208AB}.Debug|Any CPU.ActiveCfg = Debug|Any CPU
		{F2876AD5-3046-43AD-969E-78B99AA208AB}.Debug|Any CPU.Build.0 = Debug|Any CPU
		{F2876AD5-3046-43AD-969E-78B99AA208AB}.Release|Any CPU.ActiveCfg = Debug|Any CPU
		{F2876AD5-3046-43AD-969E-78B99AA208AB}.Release|Any CPU.Build.0 = Debug|Any CPU
		{1D794473-5ECE-4AE5-8F04-2F35318EC6C9}.Debug|Any CPU.ActiveCfg = Debug|Any CPU
		{1D794473-5ECE-4AE5-8F04-2F35318EC6C9}.Debug|Any CPU.Build.0 = Debug|Any CPU
		{1D794473-5ECE-4AE5-8F04-2F35318EC6C9}.Release|Any CPU.ActiveCfg = Debug|Any CPU
		{1D794473-5ECE-4AE5-8F04-2F35318EC6C9}.Release|Any CPU.Build.0 = Debug|Any CPU
		{BE692B62-C3EF-410D-9521-7739F2347E1C}.Debug|Any CPU.ActiveCfg = Debug|Any CPU
		{BE692B62-C3EF-410D-9521-7739F2347E1C}.Debug|Any CPU.Build.0 = Debug|Any CPU
		{BE692B62-C3EF-410D-9521-7739F2347E1C}.Release|Any CPU.ActiveCfg = Debug|Any CPU
		{BE692B62-C3EF-410D-9521-7739F2347E1C}.Release|Any CPU.Build.0 = Debug|Any CPU
	EndGlobalSection
	GlobalSection(SolutionProperties) = preSolution
		HideSolutionNode = FALSE
	EndGlobalSection
EndGlobal
