Microsoft Visual Studio Solution File, Format Version 12.00
# Visual Studio 14
VisualStudioVersion = 15.0.26228.12
MinimumVisualStudioVersion = 10.0.40219.1
Project("{FAE04EC0-301F-11D3-BF4B-00C04F79EFBC}") = "XComponent.ChatManager.UserObject", "UserObject\XComponent.ChatManager.UserObject.csproj", "{9F8CF05E-F814-467B-829B-3048CDAC57A8}"
EndProject
Project("{FAE04EC0-301F-11D3-BF4B-00C04F79EFBC}") = "XComponent.ChatManager.TriggeredMethod", "TriggeredMethod\XComponent.ChatManager.TriggeredMethod.csproj", "{00CAF5D9-AB0B-49D6-B5ED-B7001D9FBAC1}"
EndProject
Project("{FAE04EC0-301F-11D3-BF4B-00C04F79EFBC}") = "XComponent.ChatManager.Common", "Common\XComponent.ChatManager.Common.csproj", "{BE692B62-C3EF-410D-9521-7739F2347E1C}"
EndProject
Project("{FAE04EC0-301F-11D3-BF4B-00C04F79EFBC}") = "XComponent.ChatManager.StateMachine", "StateMachine\XComponent.ChatManager.StateMachine.csproj", "{1C108738-C286-4AEE-BF0C-DB8792FF5597}"
EndProject

Global
	GlobalSection(SolutionConfigurationPlatforms) = preSolution
		Debug|Any CPU = Debug|Any CPU
		Release|Any CPU = Release|Any CPU
	EndGlobalSection
	GlobalSection(ProjectConfigurationPlatforms) = postSolution
		{9F8CF05E-F814-467B-829B-3048CDAC57A8}.Debug|Any CPU.ActiveCfg = Debug|Any CPU
		{9F8CF05E-F814-467B-829B-3048CDAC57A8}.Debug|Any CPU.Build.0 = Debug|Any CPU
		{9F8CF05E-F814-467B-829B-3048CDAC57A8}.Release|Any CPU.ActiveCfg = Release|Any CPU
		{9F8CF05E-F814-467B-829B-3048CDAC57A8}.Release|Any CPU.Build.0 = Release|Any CPU
		{00CAF5D9-AB0B-49D6-B5ED-B7001D9FBAC1}.Debug|Any CPU.ActiveCfg = Debug|Any CPU
		{00CAF5D9-AB0B-49D6-B5ED-B7001D9FBAC1}.Debug|Any CPU.Build.0 = Debug|Any CPU
		{00CAF5D9-AB0B-49D6-B5ED-B7001D9FBAC1}.Release|Any CPU.ActiveCfg = Release|Any CPU
		{00CAF5D9-AB0B-49D6-B5ED-B7001D9FBAC1}.Release|Any CPU.Build.0 = Release|Any CPU
		{BE692B62-C3EF-410D-9521-7739F2347E1C}.Debug|Any CPU.ActiveCfg = Debug|Any CPU
		{BE692B62-C3EF-410D-9521-7739F2347E1C}.Debug|Any CPU.Build.0 = Debug|Any CPU
		{BE692B62-C3EF-410D-9521-7739F2347E1C}.Release|Any CPU.ActiveCfg = Release|Any CPU
		{BE692B62-C3EF-410D-9521-7739F2347E1C}.Release|Any CPU.Build.0 = Release|Any CPU
	{1C108738-C286-4AEE-BF0C-DB8792FF5597}.Debug|Any CPU.ActiveCfg = Debug|Any CPU
{1C108738-C286-4AEE-BF0C-DB8792FF5597}.Debug|Any CPU.Build.0 = Debug|Any CPU
{1C108738-C286-4AEE-BF0C-DB8792FF5597}.Release|Any CPU.ActiveCfg = Release|Any CPU
{1C108738-C286-4AEE-BF0C-DB8792FF5597}.Release|Any CPU.Build.0 = Release|Any CPU
EndGlobalSection
	GlobalSection(SolutionProperties) = preSolution
		HideSolutionNode = FALSE
	EndGlobalSection
EndGlobal
