Microsoft Visual Studio Solution File, Format Version 11.00
# Visual Studio 2010
Project("{FAE04EC0-301F-11D3-BF4B-00C04F79EFBC}") = "XComponent.DealCapture.UserObject", "UserObject\XComponent.DealCapture.UserObject.csproj", "{299E86A9-E881-4469-82A9-F71C0F20100B}"
EndProject
Project("{FAE04EC0-301F-11D3-BF4B-00C04F79EFBC}") = "XComponent.DealCapture.TriggeredMethod", "TriggeredMethod\XComponent.DealCapture.TriggeredMethod.csproj", "{35F34E87-C4A8-445F-9B0D-C93E9E85520F}"
EndProject
Project("{FAE04EC0-301F-11D3-BF4B-00C04F79EFBC}") = "XComponent.DealCapture.Common", "Common\XComponent.DealCapture.Common.csproj", "{BE692B62-C3EF-410D-9521-7739F2347E1C}"
EndProject
Global
	GlobalSection(SolutionConfigurationPlatforms) = preSolution
		Debug|Any CPU = Debug|Any CPU
	EndGlobalSection
	GlobalSection(ProjectConfigurationPlatforms) = postSolution
		{299E86A9-E881-4469-82A9-F71C0F20100B}.Debug|Any CPU.ActiveCfg = Debug|Any CPU
		{299E86A9-E881-4469-82A9-F71C0F20100B}.Debug|Any CPU.Build.0 = Debug|Any CPU
		{35F34E87-C4A8-445F-9B0D-C93E9E85520F}.Debug|Any CPU.ActiveCfg = Debug|Any CPU
		{35F34E87-C4A8-445F-9B0D-C93E9E85520F}.Debug|Any CPU.Build.0 = Debug|Any CPU
		{BE692B62-C3EF-410D-9521-7739F2347E1C}.Debug|Any CPU.ActiveCfg = Debug|Any CPU
		{BE692B62-C3EF-410D-9521-7739F2347E1C}.Debug|Any CPU.Build.0 = Debug|Any CPU
	EndGlobalSection
	GlobalSection(SolutionProperties) = preSolution
		HideSolutionNode = FALSE
	EndGlobalSection
EndGlobal
