Microsoft Visual Studio Solution File, Format Version 12.00
# Visual Studio 14
VisualStudioVersion = 14.0.25420.1
MinimumVisualStudioVersion = 10.0.40219.1
Project("{FAE04EC0-301F-11D3-BF4B-00C04F79EFBC}") = "XComponent.Calculator.UserObject", "UserObject\XComponent.Calculator.UserObject.csproj", "{4EFA4186-53F6-4304-ADEF-F6B5B469CB91}"
EndProject
Project("{FAE04EC0-301F-11D3-BF4B-00C04F79EFBC}") = "XComponent.Calculator.TriggeredMethod", "TriggeredMethod\XComponent.Calculator.TriggeredMethod.csproj", "{31A5C2D1-372A-43A6-A965-09FF8AA9A00D}"
EndProject
Project("{FAE04EC0-301F-11D3-BF4B-00C04F79EFBC}") = "XComponent.Calculator.Common", "Common\XComponent.Calculator.Common.csproj", "{BE692B62-C3EF-410D-9521-7739F2347E1C}"
EndProject
Project("{FAE04EC0-301F-11D3-BF4B-00C04F79EFBC}") = "XComponent.Calculator.StateMachine", "StateMachine\XComponent.Calculator.StateMachine.csproj", "{57A8B197-6149-4BE5-B43F-2C10D8E52FB2}"
EndProject
Global
	GlobalSection(SolutionConfigurationPlatforms) = preSolution
		Debug|Any CPU = Debug|Any CPU
		Release|Any CPU = Release|Any CPU
	EndGlobalSection
	GlobalSection(ProjectConfigurationPlatforms) = postSolution
		{4EFA4186-53F6-4304-ADEF-F6B5B469CB91}.Debug|Any CPU.ActiveCfg = Debug|Any CPU
		{4EFA4186-53F6-4304-ADEF-F6B5B469CB91}.Debug|Any CPU.Build.0 = Debug|Any CPU
		{4EFA4186-53F6-4304-ADEF-F6B5B469CB91}.Release|Any CPU.ActiveCfg = Release|Any CPU
		{4EFA4186-53F6-4304-ADEF-F6B5B469CB91}.Release|Any CPU.Build.0 = Release|Any CPU
		{31A5C2D1-372A-43A6-A965-09FF8AA9A00D}.Debug|Any CPU.ActiveCfg = Debug|Any CPU
		{31A5C2D1-372A-43A6-A965-09FF8AA9A00D}.Debug|Any CPU.Build.0 = Debug|Any CPU
		{31A5C2D1-372A-43A6-A965-09FF8AA9A00D}.Release|Any CPU.ActiveCfg = Release|Any CPU
		{31A5C2D1-372A-43A6-A965-09FF8AA9A00D}.Release|Any CPU.Build.0 = Release|Any CPU
		{BE692B62-C3EF-410D-9521-7739F2347E1C}.Debug|Any CPU.ActiveCfg = Debug|Any CPU
		{BE692B62-C3EF-410D-9521-7739F2347E1C}.Debug|Any CPU.Build.0 = Debug|Any CPU
		{BE692B62-C3EF-410D-9521-7739F2347E1C}.Release|Any CPU.ActiveCfg = Release|Any CPU
		{BE692B62-C3EF-410D-9521-7739F2347E1C}.Release|Any CPU.Build.0 = Release|Any CPU
		{57A8B197-6149-4BE5-B43F-2C10D8E52FB2}.Debug|Any CPU.ActiveCfg = Debug|Any CPU
		{57A8B197-6149-4BE5-B43F-2C10D8E52FB2}.Debug|Any CPU.Build.0 = Debug|Any CPU
		{57A8B197-6149-4BE5-B43F-2C10D8E52FB2}.Release|Any CPU.ActiveCfg = Release|Any CPU
		{57A8B197-6149-4BE5-B43F-2C10D8E52FB2}.Release|Any CPU.Build.0 = Release|Any CPU
	EndGlobalSection
	GlobalSection(SolutionProperties) = preSolution
		HideSolutionNode = FALSE
	EndGlobalSection
EndGlobal
