Microsoft Visual Studio Solution File, Format Version 12.00
# Visual Studio 2012
VisualStudioVersion = 14.0.23107.0
MinimumVisualStudioVersion = 10.0.40219.1
Project("{FAE04EC0-301F-11D3-BF4B-00C04F79EFBC}") = "XComponent.Trade.UserObject", "UserObject\XComponent.Trade.UserObject.csproj", "{A38F533F-39FC-416A-9246-4D5E07283447}"
EndProject
Project("{FAE04EC0-301F-11D3-BF4B-00C04F79EFBC}") = "XComponent.Trade.TriggeredMethod", "TriggeredMethod\XComponent.Trade.TriggeredMethod.csproj", "{5F7886A8-6968-4C98-9479-254D3BECD610}"
EndProject
Project("{FAE04EC0-301F-11D3-BF4B-00C04F79EFBC}") = "XComponent.Trade.Common", "Common\XComponent.Trade.Common.csproj", "{BE692B62-C3EF-410D-9521-7739F2347E1C}"
EndProject
Global
	GlobalSection(SolutionConfigurationPlatforms) = preSolution
		Debug|Any CPU = Debug|Any CPU
		Release|Any CPU = Release|Any CPU
	EndGlobalSection
	GlobalSection(ProjectConfigurationPlatforms) = postSolution
		{A38F533F-39FC-416A-9246-4D5E07283447}.Debug|Any CPU.ActiveCfg = Debug|Any CPU
		{A38F533F-39FC-416A-9246-4D5E07283447}.Debug|Any CPU.Build.0 = Debug|Any CPU
		{A38F533F-39FC-416A-9246-4D5E07283447}.Release|Any CPU.ActiveCfg = Release|Any CPU
		{A38F533F-39FC-416A-9246-4D5E07283447}.Release|Any CPU.Build.0 = Release|Any CPU
		{5F7886A8-6968-4C98-9479-254D3BECD610}.Debug|Any CPU.ActiveCfg = Debug|Any CPU
		{5F7886A8-6968-4C98-9479-254D3BECD610}.Debug|Any CPU.Build.0 = Debug|Any CPU
		{5F7886A8-6968-4C98-9479-254D3BECD610}.Release|Any CPU.ActiveCfg = Release|Any CPU
		{5F7886A8-6968-4C98-9479-254D3BECD610}.Release|Any CPU.Build.0 = Release|Any CPU
		{BE692B62-C3EF-410D-9521-7739F2347E1C}.Debug|Any CPU.ActiveCfg = Debug|Any CPU
		{BE692B62-C3EF-410D-9521-7739F2347E1C}.Debug|Any CPU.Build.0 = Debug|Any CPU
		{BE692B62-C3EF-410D-9521-7739F2347E1C}.Release|Any CPU.ActiveCfg = Release|Any CPU
		{BE692B62-C3EF-410D-9521-7739F2347E1C}.Release|Any CPU.Build.0 = Release|Any CPU
	EndGlobalSection
	GlobalSection(SolutionProperties) = preSolution
		HideSolutionNode = FALSE
	EndGlobalSection
EndGlobal
