{
  "name": "calculator.js",
  "version": "1.0.0",
  "lockfileVersion": 1,
  "requires": true,
  "dependencies": {
    "xcfunctions": {
      "version": "0.0.6",
      "resolved": "https://registry.npmjs.org/xcfunctions/-/xcfunctions-0.0.6.tgz",
      "integrity": "sha512-AiGgTT6kv+ttI0b8lvVGk6Kh9vYYoxgn5XM8OotzxuijnyYTyjpcNF93ZOFiBgA0YzvozS5L6rUujcbOlJd/9g=="
    }
  }
}
