{
  "name": "calculator.js",
  "version": "1.0.0",
  "lockfileVersion": 1,
  "requires": true,
  "dependencies": {
    "xcfunctions": {
      "version": "0.0.1",
      "resolved": "https://registry.npmjs.org/xcfunctions/-/xcfunctions-0.0.1.tgz",
      "integrity": "sha512-u1Qv9jNlQxOiWX45xLFisF8G1gD/lo54DFdwYy6m0rOIpKT7ekJpqfcuxOHSFR2Aex2rylwHOdF2xkXCi+Jzzg=="
    }
  }
}
