{
  "name": "calculator.js",
  "version": "1.0.0",
  "lockfileVersion": 1,
  "requires": true,
  "dependencies": {
    "xcfunctions": {
      "version": "0.0.3",
      "resolved": "https://registry.npmjs.org/xcfunctions/-/xcfunctions-0.0.3.tgz",
      "integrity": "sha512-goW9tVFSgMvNJziUBymUudl9E1Q0ZnWV0MnKrVMhLPanUCyTFh2rKf6tTW/kcBqCg1RbkXd0S8tL+ky2BIrqmg=="
    }
  }
}
