Microsoft Visual Studio Solution File, Format Version 12.00
# Visual Studio 14
VisualStudioVersion = 14.0.24720.0
MinimumVisualStudioVersion = 10.0.40219.1
Project("{FAE04EC0-301F-11D3-BF4B-00C04F79EFBC}") = "XComponent.SlackProxy.UserObject", "UserObject\XComponent.SlackProxy.UserObject.csproj", "{5AA6B7DD-3E1F-4FFC-9B65-6793F54FC074}"
EndProject
Project("{FAE04EC0-301F-11D3-BF4B-00C04F79EFBC}") = "XComponent.SlackProxy.TriggeredMethod", "TriggeredMethod\XComponent.SlackProxy.TriggeredMethod.csproj", "{AC9823A0-CE4F-41BC-8906-4C9C3B2722A0}"
EndProject
Project("{FAE04EC0-301F-11D3-BF4B-00C04F79EFBC}") = "XComponent.SlackProxy.Common", "Common\XComponent.SlackProxy.Common.csproj", "{BE692B62-C3EF-410D-9521-7739F2347E1C}"
EndProject
Project("{FAE04EC0-301F-11D3-BF4B-00C04F79EFBC}") = "SlackApi", "SlackApi\SlackApi.csproj", "{24257723-366E-4FBB-8511-22383F3AEF27}"
EndProject
Global
	GlobalSection(SolutionConfigurationPlatforms) = preSolution
		Debug|Any CPU = Debug|Any CPU
		Release|Any CPU = Release|Any CPU
	EndGlobalSection
	GlobalSection(ProjectConfigurationPlatforms) = postSolution
		{5AA6B7DD-3E1F-4FFC-9B65-6793F54FC074}.Debug|Any CPU.ActiveCfg = Debug|Any CPU
		{5AA6B7DD-3E1F-4FFC-9B65-6793F54FC074}.Debug|Any CPU.Build.0 = Debug|Any CPU
		{5AA6B7DD-3E1F-4FFC-9B65-6793F54FC074}.Release|Any CPU.ActiveCfg = Release|Any CPU
		{5AA6B7DD-3E1F-4FFC-9B65-6793F54FC074}.Release|Any CPU.Build.0 = Release|Any CPU
		{AC9823A0-CE4F-41BC-8906-4C9C3B2722A0}.Debug|Any CPU.ActiveCfg = Debug|Any CPU
		{AC9823A0-CE4F-41BC-8906-4C9C3B2722A0}.Debug|Any CPU.Build.0 = Debug|Any CPU
		{AC9823A0-CE4F-41BC-8906-4C9C3B2722A0}.Release|Any CPU.ActiveCfg = Release|Any CPU
		{AC9823A0-CE4F-41BC-8906-4C9C3B2722A0}.Release|Any CPU.Build.0 = Release|Any CPU
		{BE692B62-C3EF-410D-9521-7739F2347E1C}.Debug|Any CPU.ActiveCfg = Debug|Any CPU
		{BE692B62-C3EF-410D-9521-7739F2347E1C}.Debug|Any CPU.Build.0 = Debug|Any CPU
		{BE692B62-C3EF-410D-9521-7739F2347E1C}.Release|Any CPU.ActiveCfg = Release|Any CPU
		{BE692B62-C3EF-410D-9521-7739F2347E1C}.Release|Any CPU.Build.0 = Release|Any CPU
		{24257723-366E-4FBB-8511-22383F3AEF27}.Debug|Any CPU.ActiveCfg = Debug|Any CPU
		{24257723-366E-4FBB-8511-22383F3AEF27}.Debug|Any CPU.Build.0 = Debug|Any CPU
		{24257723-366E-4FBB-8511-22383F3AEF27}.Release|Any CPU.ActiveCfg = Release|Any CPU
		{24257723-366E-4FBB-8511-22383F3AEF27}.Release|Any CPU.Build.0 = Release|Any CPU
	EndGlobalSection
	GlobalSection(SolutionProperties) = preSolution
		HideSolutionNode = FALSE
	EndGlobalSection
EndGlobal
